
Microsoft Visual Studio Solution File, Format Version 12.00
# Visual Studio Version 16
VisualStudioVersion = 16.0.31605.320
MinimumVisualStudioVersion = 10.0.40219.1
Project("{9A19103F-16F7-4668-BE54-9A1E7A4F7556}") = "R365.UI", "R365.UI\R365.UI.csproj", "{424F1D16-EA53-4CEA-8BA7-500C65E28FC9}"
EndProject
Project("{9A19103F-16F7-4668-BE54-9A1E7A4F7556}") = "R365.Services", "R365.Services\R365.Services.csproj", "{09CC718F-2E3F-4C56-854B-575C0D52E1CD}"
EndProject
Project("{9A19103F-16F7-4668-BE54-9A1E7A4F7556}") = "R365.Models", "R365.Models\R365.Models.csproj", "{1322DB8C-965B-4C81-B6EA-E527AFA569A9}"
EndProject
Project("{FAE04EC0-301F-11D3-BF4B-00C04F79EFBC}") = "R365.Test", "R365.Test\R365.Test.csproj", "{E097E617-EF6D-47FC-B7A9-3790A64BF1F0}"
EndProject
Global
	GlobalSection(SolutionConfigurationPlatforms) = preSolution
		Debug|Any CPU = Debug|Any CPU
		Release|Any CPU = Release|Any CPU
	EndGlobalSection
	GlobalSection(ProjectConfigurationPlatforms) = postSolution
		{424F1D16-EA53-4CEA-8BA7-500C65E28FC9}.Debug|Any CPU.ActiveCfg = Debug|Any CPU
		{424F1D16-EA53-4CEA-8BA7-500C65E28FC9}.Debug|Any CPU.Build.0 = Debug|Any CPU
		{424F1D16-EA53-4CEA-8BA7-500C65E28FC9}.Release|Any CPU.ActiveCfg = Release|Any CPU
		{424F1D16-EA53-4CEA-8BA7-500C65E28FC9}.Release|Any CPU.Build.0 = Release|Any CPU
		{09CC718F-2E3F-4C56-854B-575C0D52E1CD}.Debug|Any CPU.ActiveCfg = Debug|Any CPU
		{09CC718F-2E3F-4C56-854B-575C0D52E1CD}.Debug|Any CPU.Build.0 = Debug|Any CPU
		{09CC718F-2E3F-4C56-854B-575C0D52E1CD}.Release|Any CPU.ActiveCfg = Release|Any CPU
		{09CC718F-2E3F-4C56-854B-575C0D52E1CD}.Release|Any CPU.Build.0 = Release|Any CPU
		{1322DB8C-965B-4C81-B6EA-E527AFA569A9}.Debug|Any CPU.ActiveCfg = Debug|Any CPU
		{1322DB8C-965B-4C81-B6EA-E527AFA569A9}.Debug|Any CPU.Build.0 = Debug|Any CPU
		{1322DB8C-965B-4C81-B6EA-E527AFA569A9}.Release|Any CPU.ActiveCfg = Release|Any CPU
		{1322DB8C-965B-4C81-B6EA-E527AFA569A9}.Release|Any CPU.Build.0 = Release|Any CPU
		{E097E617-EF6D-47FC-B7A9-3790A64BF1F0}.Debug|Any CPU.ActiveCfg = Debug|Any CPU
		{E097E617-EF6D-47FC-B7A9-3790A64BF1F0}.Debug|Any CPU.Build.0 = Debug|Any CPU
		{E097E617-EF6D-47FC-B7A9-3790A64BF1F0}.Release|Any CPU.ActiveCfg = Release|Any CPU
		{E097E617-EF6D-47FC-B7A9-3790A64BF1F0}.Release|Any CPU.Build.0 = Release|Any CPU
	EndGlobalSection
	GlobalSection(SolutionProperties) = preSolution
		HideSolutionNode = FALSE
	EndGlobalSection
	GlobalSection(ExtensibilityGlobals) = postSolution
		SolutionGuid = {C7CB74B2-CF4E-4464-87A1-0890AE42DA79}
	EndGlobalSection
EndGlobal
